# THIS IS AN AUTOGENERATED FILE. DO NOT EDIT THIS FILE DIRECTLY.
# yarn lockfile v1


"@cspotcode/source-map-consumer@0.8.0":
  version "0.8.0"
  resolved "https://registry.yarnpkg.com/@cspotcode/source-map-consumer/-/source-map-consumer-0.8.0.tgz#33bf4b7b39c178821606f669bbc447a6a629786b"
  integrity sha512-41qniHzTU8yAGbCp04ohlmSrZf8bkf/iJsl3V0dRGsQN/5GFfx+LbCSsCpp2gqrqjTVg/K6O8ycoV35JIwAzAg==

"@cspotcode/source-map-support@0.7.0":
  version "0.7.0"
  resolved "https://registry.yarnpkg.com/@cspotcode/source-map-support/-/source-map-support-0.7.0.tgz#4789840aa859e46d2f3173727ab707c66bf344f5"
  integrity sha512-X4xqRHqN8ACt2aHVe51OxeA2HjbcL4MqFqXkrmQszJ1NOUuUu5u6Vqx/0lZSVNku7velL5FC/s5uEAj1lsBMhA==
  dependencies:
    "@cspotcode/source-map-consumer" "0.8.0"

"@parcel/css-darwin-arm64@1.1.0":
  version "1.1.0"
  resolved "https://registry.yarnpkg.com/@parcel/css-darwin-arm64/-/css-darwin-arm64-1.1.0.tgz#dae8d690eebf492a317c38fa334d66ed89d05495"
  integrity sha512-zwLLgG4d6oaQAFrbBfUx4MKsn8kw/B84Idefh5uFcp5p+UmWaTJ2c990hpU/q1fWx3fLywDGc0MyQDD5mFj5gA==

"@parcel/css-darwin-x64@1.1.0":
  version "1.1.0"
  resolved "https://registry.yarnpkg.com/@parcel/css-darwin-x64/-/css-darwin-x64-1.1.0.tgz#114555f4edcac2f3067a2ccf32e4cb5bd030cb6c"
  integrity sha512-4Fv5wmN8wosajSMI9Kuaj6Z9PnZgu9FXK0xrpopYE3O0f4jE3L15nBXvhYVX9xdpUocLoNEme5oKAqpg54XmPQ==

"@parcel/css-linux-arm-gnueabihf@1.1.0":
  version "1.1.0"
  resolved "https://registry.yarnpkg.com/@parcel/css-linux-arm-gnueabihf/-/css-linux-arm-gnueabihf-1.1.0.tgz#532fd090cdd474691b12d6b634098393c2a407ed"
  integrity sha512-3YoTxaU16LKhgkpXSoHDDJN+39YPOwmQKYMjUeOXbvISQAZlxypzaech6azKMeCKWTPF4LpAe8mmXZ/ScFHDvA==

"@parcel/css-linux-arm64-gnu@1.1.0":
  version "1.1.0"
  resolved "https://registry.yarnpkg.com/@parcel/css-linux-arm64-gnu/-/css-linux-arm64-gnu-1.1.0.tgz#b55a4aa1be083b55e28872efbd00a9f56d1d6423"
  integrity sha512-UYIeAzzAEi8qIHY9kjzydKeDaoXZIdPk7CpOv13UZEvHYqSb8RPA0bQ+9S7x3q7w/gliM/1tp2+VKtMA2Shgfw==

"@parcel/css-linux-arm64-musl@1.1.0":
  version "1.1.0"
  resolved "https://registry.yarnpkg.com/@parcel/css-linux-arm64-musl/-/css-linux-arm64-musl-1.1.0.tgz#2ec3f95221694c976fcba6ab813801c8c3c1eacf"
  integrity sha512-x+2pCPniVHqrEglOx6Rh6ilTgyopL17VvUsf1BCUUDLX9Y7/AqvHodMho7deN2nFbXWMC8sBgsH/H4XsYDtf0Q==

"@parcel/css-linux-x64-gnu@1.1.0":
  version "1.1.0"
  resolved "https://registry.yarnpkg.com/@parcel/css-linux-x64-gnu/-/css-linux-x64-gnu-1.1.0.tgz#8f603e98d473aefad06fcac0455e522ad4fa3e04"
  integrity sha512-BBWv1iZpaUo9sX2hRUlYqzd/H3OVsUYlBmclBhPqs4qTJ3bna0+E+i9DdDSaZIgQjGhkk6H/WM1H0P6ho0/8SQ==

"@parcel/css-linux-x64-musl@1.1.0":
  version "1.1.0"
  resolved "https://registry.yarnpkg.com/@parcel/css-linux-x64-musl/-/css-linux-x64-musl-1.1.0.tgz#5a5530983a1650339cf08feac783d443ef1162be"
  integrity sha512-ks6Qn382+3dKLblOBb7QAsIJoPjdAJMJwUcPqO5os2BO+wnBaDZuMKR7ItG8yZ7jv6fkZj3Dq+SCNcXVSELIKg==

"@parcel/css-win32-x64-msvc@1.1.0":
  version "1.1.0"
  resolved "https://registry.yarnpkg.com/@parcel/css-win32-x64-msvc/-/css-win32-x64-msvc-1.1.0.tgz#cf75b9f3a4d212a61934ecb480fea9a3b813c5d8"
  integrity sha512-8PWyb/87lFIJtTJ8/emoYVkU0gIG+7nnU2K8JWeJFhKCvuWQCnE1RKaSmQ6Adwids+7IPI97LQHshtfaMo0OOQ==

"@parcel/css@^1.1.0":
  version "1.1.0"
  resolved "https://registry.yarnpkg.com/@parcel/css/-/css-1.1.0.tgz#a36bf491c0c3c5947d59d0360ef4ec5fde9481f2"
  integrity sha512-iTKWLQxwyMTTMZEddURYP9WbY51bpzqUPejo0yrrxWzPs3sH+wQTdv9EmDT62RmZg6zEaCSKV43949FZd8wwUg==
  dependencies:
    detect-libc "^1.0.3"
  optionalDependencies:
    "@parcel/css-darwin-arm64" "1.1.0"
    "@parcel/css-darwin-x64" "1.1.0"
    "@parcel/css-linux-arm-gnueabihf" "1.1.0"
    "@parcel/css-linux-arm64-gnu" "1.1.0"
    "@parcel/css-linux-arm64-musl" "1.1.0"
    "@parcel/css-linux-x64-gnu" "1.1.0"
    "@parcel/css-linux-x64-musl" "1.1.0"
    "@parcel/css-win32-x64-msvc" "1.1.0"

"@tsconfig/node10@^1.0.7":
  version "1.0.8"
  resolved "https://registry.yarnpkg.com/@tsconfig/node10/-/node10-1.0.8.tgz#c1e4e80d6f964fbecb3359c43bd48b40f7cadad9"
  integrity sha512-6XFfSQmMgq0CFLY1MslA/CPUfhIL919M1rMsa5lP2P097N2Wd1sSX0tx1u4olM16fLNhtHZpRhedZJphNJqmZg==

"@tsconfig/node12@^1.0.7":
  version "1.0.9"
  resolved "https://registry.yarnpkg.com/@tsconfig/node12/-/node12-1.0.9.tgz#62c1f6dee2ebd9aead80dc3afa56810e58e1a04c"
  integrity sha512-/yBMcem+fbvhSREH+s14YJi18sp7J9jpuhYByADT2rypfajMZZN4WQ6zBGgBKp53NKmqI36wFYDb3yaMPurITw==

"@tsconfig/node14@^1.0.0":
  version "1.0.1"
  resolved "https://registry.yarnpkg.com/@tsconfig/node14/-/node14-1.0.1.tgz#95f2d167ffb9b8d2068b0b235302fafd4df711f2"
  integrity sha512-509r2+yARFfHHE7T6Puu2jjkoycftovhXRqW328PDXTVGKihlb1P8Z9mMZH04ebyajfRY7dedfGynlrFHJUQCg==

"@tsconfig/node16@^1.0.2":
  version "1.0.2"
  resolved "https://registry.yarnpkg.com/@tsconfig/node16/-/node16-1.0.2.tgz#423c77877d0569db20e1fc80885ac4118314010e"
  integrity sha512-eZxlbI8GZscaGS7kkc/trHTT5xgrjH3/1n2JDwusC9iahPKWMRvRjJSAN5mCXviuTGQ/lHnhvv8Q1YTpnfz9gA==

"@types/css-tree@*":
  version "1.0.7"
  resolved "https://registry.yarnpkg.com/@types/css-tree/-/css-tree-1.0.7.tgz#4483b824a7923d9a7819408a33144014b0c5124c"
  integrity sha512-Pz+DfVODpQTAV6PwPBK6kzyy7+f6EyPbr1+mYkc1YolJfl2NAJ4wbg0TC/AJPBsqn9jWfyiO19A/sgpvFLfqnw==

"@types/csso@^5.0.0":
  version "5.0.0"
  resolved "https://registry.yarnpkg.com/@types/csso/-/csso-5.0.0.tgz#e69f5c8d1fc99c4c7741ae65d3330deaff5d008e"
  integrity sha512-EMrCTGpXRUsbFfZBzn2jcW6Sqg8kxWXkJcpvAGYSEzFqAJ2THDJSwiMeS2fPUw+0p6RQNT/n8F/skEc9hUBc0g==
  dependencies:
    "@types/css-tree" "*"

"@types/node@^17.0.12":
  version "17.0.12"
  resolved "https://registry.yarnpkg.com/@types/node/-/node-17.0.12.tgz#f7aa331b27f08244888c47b7df126184bc2339c5"
  integrity sha512-4YpbAsnJXWYK/fpTVFlMIcUIho2AYCi4wg5aNPrG1ng7fn/1/RZfCIpRCiBX+12RVa34RluilnvCqD+g3KiSiA==

"@types/object-path@^0.11.1":
  version "0.11.1"
  resolved "https://registry.yarnpkg.com/@types/object-path/-/object-path-0.11.1.tgz#eea5b357518597fc9c0a067ea3147f599fc1514f"
  integrity sha512-219LSCO9HPcoXcRTC6DbCs0FRhZgBnEMzf16RRqkT40WbkKx3mOeQuz3e2XqbfhOz/AHfbru0kzB1n1RCAsIIg==

"@types/prop-types@*":
  version "15.7.4"
  resolved "https://registry.yarnpkg.com/@types/prop-types/-/prop-types-15.7.4.tgz#fcf7205c25dff795ee79af1e30da2c9790808f11"
  integrity sha512-rZ5drC/jWjrArrS8BR6SIr4cWpW09RNTYt9AMZo3Jwwif+iacXAqgVjm0B0Bv/S1jhDXKHqRVNCbACkJ89RAnQ==

"@types/react@^17.0.38":
  version "17.0.38"
  resolved "https://registry.yarnpkg.com/@types/react/-/react-17.0.38.tgz#f24249fefd89357d5fa71f739a686b8d7c7202bd"
  integrity sha512-SI92X1IA+FMnP3qM5m4QReluXzhcmovhZnLNm3pyeQlooi02qI7sLiepEYqT678uNiyc25XfCqxREFpy3W7YhQ==
  dependencies:
    "@types/prop-types" "*"
    "@types/scheduler" "*"
    csstype "^3.0.2"

"@types/scheduler@*":
  version "0.16.2"
  resolved "https://registry.yarnpkg.com/@types/scheduler/-/scheduler-0.16.2.tgz#1a62f89525723dde24ba1b01b092bf5df8ad4d39"
  integrity sha512-hppQEBDmlwhFAXKJX2KnWLYu5yMfi91yazPb2l+lbJiwW+wdo1gNeRA+3RgNSO39WYX2euey41KEwnqesU2Jew==

acorn-walk@^8.1.1:
  version "8.2.0"
  resolved "https://registry.yarnpkg.com/acorn-walk/-/acorn-walk-8.2.0.tgz#741210f2e2426454508853a2f44d0ab83b7f69c1"
  integrity sha512-k+iyHEuPgSw6SbuDpGQM+06HQUa04DZ3o+F6CSzXMvvI5KMvnaEqXe+YVe555R9nn6GPt404fos4wcgpw12SDA==

acorn@^8.4.1:
  version "8.7.0"
  resolved "https://registry.yarnpkg.com/acorn/-/acorn-8.7.0.tgz#90951fde0f8f09df93549481e5fc141445b791cf"
  integrity sha512-V/LGr1APy+PXIwKebEWrkZPwoeoF+w1jiOBUmuxuiUIaOHtob8Qc9BTrYo7VuI5fR8tqsy+buA2WFooR5olqvQ==

arg@^4.1.0:
  version "4.1.3"
  resolved "https://registry.yarnpkg.com/arg/-/arg-4.1.3.tgz#269fc7ad5b8e42cb63c896d5666017261c144089"
  integrity sha512-58S9QDqG0Xx27YwPSt9fJxivjYl432YCwfDMfZ+71RAqUrZef7LrKQZ3LHLOwCS4FLNBplP533Zx895SeOCHvA==

create-require@^1.1.0:
  version "1.1.1"
  resolved "https://registry.yarnpkg.com/create-require/-/create-require-1.1.1.tgz#c1d7e8f1e5f6cfc9ff65f9cd352d37348756c333"
  integrity sha512-dcKFX3jn0MpIaXjisoRvexIJVEKzaq7z2rZKxf+MSr9TkdmHmsU4m2lcLojrj/FHl8mk5VxMmYA+ftRkP/3oKQ==

csstype@^3.0.2:
  version "3.0.10"
  resolved "https://registry.yarnpkg.com/csstype/-/csstype-3.0.10.tgz#2ad3a7bed70f35b965707c092e5f30b327c290e5"
  integrity sha512-2u44ZG2OcNUO9HDp/Jl8C07x6pU/eTR3ncV91SiK3dhG9TWvRVsCoJw14Ckx5DgWkzGA3waZWO3d7pgqpUI/XA==

detect-libc@^1.0.3:
  version "1.0.3"
  resolved "https://registry.yarnpkg.com/detect-libc/-/detect-libc-1.0.3.tgz#fa137c4bd698edf55cd5cd02ac559f91a4c4ba9b"
  integrity sha1-+hN8S9aY7fVc1c0CrFWfkaTEups=

diff@^4.0.1:
  version "4.0.2"
  resolved "https://registry.yarnpkg.com/diff/-/diff-4.0.2.tgz#60f3aecb89d5fae520c11aa19efc2bb982aade7d"
  integrity sha512-58lmxKSA4BNyLz+HHMUzlOEpg09FV+ev6ZMe3vJihgdxzgcwZ8VoEEPmALCZG9LmqfVoNMMKpttIYTVG6uDY7A==

make-error@^1.1.1:
  version "1.3.6"
  resolved "https://registry.yarnpkg.com/make-error/-/make-error-1.3.6.tgz#2eb2e37ea9b67c4891f684a1394799af484cf7a2"
  integrity sha512-s8UhlNe7vPKomQhC1qFelMokr/Sc3AgNbso3n74mVPA5LTZwkB9NlXf4XPamLxJE8h0gh73rM94xvwRT2CVInw==

object-path@^0.11.8:
  version "0.11.8"
  resolved "https://registry.yarnpkg.com/object-path/-/object-path-0.11.8.tgz#ed002c02bbdd0070b78a27455e8ae01fc14d4742"
  integrity sha512-YJjNZrlXJFM42wTBn6zgOJVar9KFJvzx6sTWDte8sWZF//cnjl0BxHNpfZx+ZffXX63A9q0b1zsFiBX4g4X5KA==

ts-node@^10.4.0:
  version "10.4.0"
  resolved "https://registry.yarnpkg.com/ts-node/-/ts-node-10.4.0.tgz#680f88945885f4e6cf450e7f0d6223dd404895f7"
  integrity sha512-g0FlPvvCXSIO1JDF6S232P5jPYqBkRL9qly81ZgAOSU7rwI0stphCgd2kLiCrU9DjQCrJMWEqcNSjQL02s6d8A==
  dependencies:
    "@cspotcode/source-map-support" "0.7.0"
    "@tsconfig/node10" "^1.0.7"
    "@tsconfig/node12" "^1.0.7"
    "@tsconfig/node14" "^1.0.0"
    "@tsconfig/node16" "^1.0.2"
    acorn "^8.4.1"
    acorn-walk "^8.1.1"
    arg "^4.1.0"
    create-require "^1.1.0"
    diff "^4.0.1"
    make-error "^1.1.1"
    yn "3.1.1"

typescript@^4.5.5:
  version "4.5.5"
  resolved "https://registry.yarnpkg.com/typescript/-/typescript-4.5.5.tgz#d8c953832d28924a9e3d37c73d729c846c5896f3"
  integrity sha512-TCTIul70LyWe6IJWT8QSYeA54WQe8EjQFU4wY52Fasj5UKx88LNYKCgBEHcOMOrFF1rKGbD8v/xcNWVUq9SymA==

yn@3.1.1:
  version "3.1.1"
  resolved "https://registry.yarnpkg.com/yn/-/yn-3.1.1.tgz#1e87401a09d767c1d5eab26a6e4c185182d2eb50"
  integrity sha512-Ux4ygGWsu2c7isFWe8Yu1YluJmqVhxqK2cLXNQA5AcC3QfbGNpM7fu0Y8b/z16pXLnFxZYvWhd3fhBY9DLmC6Q==
